// !$*UTF8*$!
{
	archiveVersion = 1;
	classes = {
	};
	objectVersion = 50;
	objects = {

/* Begin PBXBuildFile section */
		4E0A57F9265FBA6D005E59D1 /* LeftCollectionViewFlowLayout.swift in Sources */ = {isa = PBXBuildFile; fileRef = 4E0A57F8265FBA6D005E59D1 /* LeftCollectionViewFlowLayout.swift */; };
		4E0A57FD265FBF22005E59D1 /* TagCollectionViewCell.swift in Sources */ = {isa = PBXBuildFile; fileRef = 4E0A57FB265FBF22005E59D1 /* TagCollectionViewCell.swift */; };
		4E0A57FE265FBF22005E59D1 /* TagCollectionViewCell.xib in Resources */ = {isa = PBXBuildFile; fileRef = 4E0A57FC265FBF22005E59D1 /* TagCollectionViewCell.xib */; };
		4E0A580326600CD3005E59D1 /* HomeHeaderView.swift in Sources */ = {isa = PBXBuildFile; fileRef = 4E0A580226600CD3005E59D1 /* HomeHeaderView.swift */; };
		4E0A580526600CE3005E59D1 /* HomeHeaderView.xib in Resources */ = {isa = PBXBuildFile; fileRef = 4E0A580426600CE3005E59D1 /* HomeHeaderView.xib */; };
		4E0A580A26600E9A005E59D1 /* EventContainerTableViewCell.swift in Sources */ = {isa = PBXBuildFile; fileRef = 4E0A580826600E9A005E59D1 /* EventContainerTableViewCell.swift */; };
		4E0A580B26600E9A005E59D1 /* EventContainerTableViewCell.xib in Resources */ = {isa = PBXBuildFile; fileRef = 4E0A580926600E9A005E59D1 /* EventContainerTableViewCell.xib */; };
		4E0A582E266210FF005E59D1 /* EventsProtocols.swift in Sources */ = {isa = PBXBuildFile; fileRef = 4E0A582D266210FF005E59D1 /* EventsProtocols.swift */; };
		4E0A583126621117005E59D1 /* EventsViewController.swift in Sources */ = {isa = PBXBuildFile; fileRef = 4E0A582F26621117005E59D1 /* EventsViewController.swift */; };
		4E0A583226621117005E59D1 /* EventsViewController.xib in Resources */ = {isa = PBXBuildFile; fileRef = 4E0A583026621117005E59D1 /* EventsViewController.xib */; };
		4E0A5834266213DB005E59D1 /* EventsRouter.swift in Sources */ = {isa = PBXBuildFile; fileRef = 4E0A5833266213DB005E59D1 /* EventsRouter.swift */; };
		4E0A583626621476005E59D1 /* EventsPresenter.swift in Sources */ = {isa = PBXBuildFile; fileRef = 4E0A583526621476005E59D1 /* EventsPresenter.swift */; };
		4E0A5838266214DB005E59D1 /* EventsInteractor.swift in Sources */ = {isa = PBXBuildFile; fileRef = 4E0A5837266214DB005E59D1 /* EventsInteractor.swift */; };
		4E17FFAD265FB08B0013FEB1 /* NormalTableViewCell.swift in Sources */ = {isa = PBXBuildFile; fileRef = 4E17FFAB265FB08B0013FEB1 /* NormalTableViewCell.swift */; };
		4E17FFAE265FB08B0013FEB1 /* NormalTableViewCell.xib in Resources */ = {isa = PBXBuildFile; fileRef = 4E17FFAC265FB08B0013FEB1 /* NormalTableViewCell.xib */; };
		4E17FFB2265FB1F90013FEB1 /* NormalCollectionViewCell.swift in Sources */ = {isa = PBXBuildFile; fileRef = 4E17FFB0265FB1F90013FEB1 /* NormalCollectionViewCell.swift */; };
		4E17FFB3265FB1F90013FEB1 /* NormalCollectionViewCell.xib in Resources */ = {isa = PBXBuildFile; fileRef = 4E17FFB1265FB1F90013FEB1 /* NormalCollectionViewCell.xib */; };
		4E17FFB7265FB34E0013FEB1 /* CenterCollectionViewFlowLayout.swift in Sources */ = {isa = PBXBuildFile; fileRef = 4E17FFB6265FB34E0013FEB1 /* CenterCollectionViewFlowLayout.swift */; };
		4E1D49AF266217E400D416A1 /* EventsEntity.swift in Sources */ = {isa = PBXBuildFile; fileRef = 4E1D49AE266217E400D416A1 /* EventsEntity.swift */; };
		4E1D49B32662204700D416A1 /* EventsTableViewCell.swift in Sources */ = {isa = PBXBuildFile; fileRef = 4E1D49B12662204700D416A1 /* EventsTableViewCell.swift */; };
		4E1D49B42662204700D416A1 /* EventsTableViewCell.xib in Resources */ = {isa = PBXBuildFile; fileRef = 4E1D49B22662204700D416A1 /* EventsTableViewCell.xib */; };
		4E3E126B265F4D960004D9AD /* AppDelegate.swift in Sources */ = {isa = PBXBuildFile; fileRef = 4E3E126A265F4D960004D9AD /* AppDelegate.swift */; };
		4E3E126D265F4D960004D9AD /* SceneDelegate.swift in Sources */ = {isa = PBXBuildFile; fileRef = 4E3E126C265F4D960004D9AD /* SceneDelegate.swift */; };
		4E3E1272265F4D960004D9AD /* Main.storyboard in Resources */ = {isa = PBXBuildFile; fileRef = 4E3E1270265F4D960004D9AD /* Main.storyboard */; };
		4E3E1274265F4D970004D9AD /* Assets.xcassets in Resources */ = {isa = PBXBuildFile; fileRef = 4E3E1273265F4D970004D9AD /* Assets.xcassets */; };
		4E3E1277265F4D970004D9AD /* LaunchScreen.storyboard in Resources */ = {isa = PBXBuildFile; fileRef = 4E3E1275265F4D970004D9AD /* LaunchScreen.storyboard */; };
		4E3E1282265F4D970004D9AD /* _2EventsTests.swift in Sources */ = {isa = PBXBuildFile; fileRef = 4E3E1281265F4D970004D9AD /* _2EventsTests.swift */; };
		4E3E1296265F4E150004D9AD /* HomeViewController.swift in Sources */ = {isa = PBXBuildFile; fileRef = 4E3E1294265F4E150004D9AD /* HomeViewController.swift */; };
		4E3E1297265F4E150004D9AD /* HomeViewController.xib in Resources */ = {isa = PBXBuildFile; fileRef = 4E3E1295265F4E150004D9AD /* HomeViewController.xib */; };
		4E3E1299265F4E5F0004D9AD /* HomeProtocols.swift in Sources */ = {isa = PBXBuildFile; fileRef = 4E3E1298265F4E5F0004D9AD /* HomeProtocols.swift */; };
		4E3E129B265F4F0B0004D9AD /* HomePresenter.swift in Sources */ = {isa = PBXBuildFile; fileRef = 4E3E129A265F4F0B0004D9AD /* HomePresenter.swift */; };
		4E3E129D265F4F4F0004D9AD /* HomeInteractor.swift in Sources */ = {isa = PBXBuildFile; fileRef = 4E3E129C265F4F4F0004D9AD /* HomeInteractor.swift */; };
		4E3E129F265F4F7C0004D9AD /* HomeRouter.swift in Sources */ = {isa = PBXBuildFile; fileRef = 4E3E129E265F4F7C0004D9AD /* HomeRouter.swift */; };
		4E3E12A2265F53130004D9AD /* APIManager.swift in Sources */ = {isa = PBXBuildFile; fileRef = 4E3E12A1265F53130004D9AD /* APIManager.swift */; };
		4E3E12A4265F54FB0004D9AD /* EventsModel.swift in Sources */ = {isa = PBXBuildFile; fileRef = 4E3E12A3265F54FB0004D9AD /* EventsModel.swift */; };
		4E3E12AA265F7C310004D9AD /* UITableView+Extensions.swift in Sources */ = {isa = PBXBuildFile; fileRef = 4E3E12A7265F7C310004D9AD /* UITableView+Extensions.swift */; };
		4E3E12AB265F7C310004D9AD /* UITableViewCell+Extensions.swift in Sources */ = {isa = PBXBuildFile; fileRef = 4E3E12A8265F7C310004D9AD /* UITableViewCell+Extensions.swift */; };
		4E3E12B2265F9C310004D9AD /* FeatureTableViewCell.swift in Sources */ = {isa = PBXBuildFile; fileRef = 4E3E12B0265F9C310004D9AD /* FeatureTableViewCell.swift */; };
		4E3E12B3265F9C310004D9AD /* FeatureTableViewCell.xib in Resources */ = {isa = PBXBuildFile; fileRef = 4E3E12B1265F9C310004D9AD /* FeatureTableViewCell.xib */; };
		4E3E12B8265F9D7A0004D9AD /* FeatureCollectionViewViewCell.swift in Sources */ = {isa = PBXBuildFile; fileRef = 4E3E12B6265F9D7A0004D9AD /* FeatureCollectionViewViewCell.swift */; };
		4E3E12B9265F9D7A0004D9AD /* FeatureCollectionViewViewCell.xib in Resources */ = {isa = PBXBuildFile; fileRef = 4E3E12B7265F9D7A0004D9AD /* FeatureCollectionViewViewCell.xib */; };
		4E3E12BB265F9E6B0004D9AD /* UICollectionView+Extensions.swift in Sources */ = {isa = PBXBuildFile; fileRef = 4E3E12BA265F9E6B0004D9AD /* UICollectionView+Extensions.swift */; };
		4E3E12BD265F9E940004D9AD /* UICollectionViewCell+Extensions.swift in Sources */ = {isa = PBXBuildFile; fileRef = 4E3E12BC265F9E930004D9AD /* UICollectionViewCell+Extensions.swift */; };
		4E3E12BF265FA5E50004D9AD /* ImageCachingManager.swift in Sources */ = {isa = PBXBuildFile; fileRef = 4E3E12BE265FA5E50004D9AD /* ImageCachingManager.swift */; };
		4E3E12C1265FA64B0004D9AD /* UIImageView+Extensions.swift in Sources */ = {isa = PBXBuildFile; fileRef = 4E3E12C0265FA64B0004D9AD /* UIImageView+Extensions.swift */; };
		4E46B5DD2662A67800AF3160 /* MenuInteractor.swift in Sources */ = {isa = PBXBuildFile; fileRef = 4E46B5DC2662A67800AF3160 /* MenuInteractor.swift */; };
		4E46B5E02662B1FB00AF3160 /* MenuProtocols.swift in Sources */ = {isa = PBXBuildFile; fileRef = 4E46B5DF2662B1FB00AF3160 /* MenuProtocols.swift */; };
		4E46B5E22662B25F00AF3160 /* MenuPresenter.swift in Sources */ = {isa = PBXBuildFile; fileRef = 4E46B5E12662B25F00AF3160 /* MenuPresenter.swift */; };
		4E46B5E42662B3B600AF3160 /* LanguageView.swift in Sources */ = {isa = PBXBuildFile; fileRef = 4E46B5E32662B3B600AF3160 /* LanguageView.swift */; };
		4E46B5E62662B3C600AF3160 /* LanguageView.xib in Resources */ = {isa = PBXBuildFile; fileRef = 4E46B5E52662B3C600AF3160 /* LanguageView.xib */; };
		4E46B5ED2662BF9300AF3160 /* LanguageTableViewCell.swift in Sources */ = {isa = PBXBuildFile; fileRef = 4E46B5EB2662BF9300AF3160 /* LanguageTableViewCell.swift */; };
		4E46B5EE2662BF9300AF3160 /* LanguageTableViewCell.xib in Resources */ = {isa = PBXBuildFile; fileRef = 4E46B5EC2662BF9300AF3160 /* LanguageTableViewCell.xib */; };
		4E49F56526624E58008C5522 /* MenuView.swift in Sources */ = {isa = PBXBuildFile; fileRef = 4E49F56426624E58008C5522 /* MenuView.swift */; };
		4E49F56826624E70008C5522 /* MenuView.xib in Resources */ = {isa = PBXBuildFile; fileRef = 4E49F56726624E70008C5522 /* MenuView.xib */; };
		4E49F56A26624F18008C5522 /* MenuEntity.swift in Sources */ = {isa = PBXBuildFile; fileRef = 4E49F56926624F18008C5522 /* MenuEntity.swift */; };
		4E49F56F26625F30008C5522 /* MenuTableViewCell.swift in Sources */ = {isa = PBXBuildFile; fileRef = 4E49F56D26625F30008C5522 /* MenuTableViewCell.swift */; };
		4E49F57026625F30008C5522 /* MenuTableViewCell.xib in Resources */ = {isa = PBXBuildFile; fileRef = 4E49F56E26625F30008C5522 /* MenuTableViewCell.xib */; };
		4E7F52822662374B00594C72 /* EventsHeaderView.swift in Sources */ = {isa = PBXBuildFile; fileRef = 4E7F52812662374B00594C72 /* EventsHeaderView.swift */; };
		4E7F52842662375700594C72 /* EventsHeaderView.xib in Resources */ = {isa = PBXBuildFile; fileRef = 4E7F52832662375700594C72 /* EventsHeaderView.xib */; };
		4E8CD03726629CB100D40DDB /* MenuRouter.swift in Sources */ = {isa = PBXBuildFile; fileRef = 4E8CD03626629CB100D40DDB /* MenuRouter.swift */; };
		4ED7A83126632D5100D45B22 /* DataCachingManager.swift in Sources */ = {isa = PBXBuildFile; fileRef = 4ED7A83026632D5100D45B22 /* DataCachingManager.swift */; };
		4ED7A8362663425B00D45B22 /* APIManagerTests.swift in Sources */ = {isa = PBXBuildFile; fileRef = 4ED7A8352663425B00D45B22 /* APIManagerTests.swift */; };
		4ED7A838266345C500D45B22 /* ImageCachingManagerTests.swift in Sources */ = {isa = PBXBuildFile; fileRef = 4ED7A837266345C500D45B22 /* ImageCachingManagerTests.swift */; };
		4ED7A83A266346D500D45B22 /* DataCachingManagerTests.swift in Sources */ = {isa = PBXBuildFile; fileRef = 4ED7A839266346D500D45B22 /* DataCachingManagerTests.swift */; };
		4ED7A83F26634B2D00D45B22 /* HomeInteractorTests.swift in Sources */ = {isa = PBXBuildFile; fileRef = 4ED7A83E26634B2D00D45B22 /* HomeInteractorTests.swift */; };
		4ED7A84226636E7500D45B22 /* HomePresenterTests.swift in Sources */ = {isa = PBXBuildFile; fileRef = 4ED7A84126636E7500D45B22 /* HomePresenterTests.swift */; };
/* End PBXBuildFile section */

/* Begin PBXContainerItemProxy section */
		4E3E127E265F4D970004D9AD /* PBXContainerItemProxy */ = {
			isa = PBXContainerItemProxy;
			containerPortal = 4E3E125F265F4D960004D9AD /* Project object */;
			proxyType = 1;
			remoteGlobalIDString = 4E3E1266265F4D960004D9AD;
			remoteInfo = 42Events;
		};
/* End PBXContainerItemProxy section */

/* Begin PBXFileReference section */
		4E0A57F8265FBA6D005E59D1 /* LeftCollectionViewFlowLayout.swift */ = {isa = PBXFileReference; lastKnownFileType = sourcecode.swift; path = LeftCollectionViewFlowLayout.swift; sourceTree = "<group>"; };
		4E0A57FB265FBF22005E59D1 /* TagCollectionViewCell.swift */ = {isa = PBXFileReference; lastKnownFileType = sourcecode.swift; path = TagCollectionViewCell.swift; sourceTree = "<group>"; };
		4E0A57FC265FBF22005E59D1 /* TagCollectionViewCell.xib */ = {isa = PBXFileReference; lastKnownFileType = file.xib; path = TagCollectionViewCell.xib; sourceTree = "<group>"; };
		4E0A580226600CD3005E59D1 /* HomeHeaderView.swift */ = {isa = PBXFileReference; lastKnownFileType = sourcecode.swift; path = HomeHeaderView.swift; sourceTree = "<group>"; };
		4E0A580426600CE3005E59D1 /* HomeHeaderView.xib */ = {isa = PBXFileReference; lastKnownFileType = file.xib; path = HomeHeaderView.xib; sourceTree = "<group>"; };
		4E0A580826600E9A005E59D1 /* EventContainerTableViewCell.swift */ = {isa = PBXFileReference; lastKnownFileType = sourcecode.swift; path = EventContainerTableViewCell.swift; sourceTree = "<group>"; };
		4E0A580926600E9A005E59D1 /* EventContainerTableViewCell.xib */ = {isa = PBXFileReference; lastKnownFileType = file.xib; path = EventContainerTableViewCell.xib; sourceTree = "<group>"; };
		4E0A582D266210FF005E59D1 /* EventsProtocols.swift */ = {isa = PBXFileReference; lastKnownFileType = sourcecode.swift; path = EventsProtocols.swift; sourceTree = "<group>"; };
		4E0A582F26621117005E59D1 /* EventsViewController.swift */ = {isa = PBXFileReference; lastKnownFileType = sourcecode.swift; path = EventsViewController.swift; sourceTree = "<group>"; };
		4E0A583026621117005E59D1 /* EventsViewController.xib */ = {isa = PBXFileReference; lastKnownFileType = file.xib; path = EventsViewController.xib; sourceTree = "<group>"; };
		4E0A5833266213DB005E59D1 /* EventsRouter.swift */ = {isa = PBXFileReference; lastKnownFileType = sourcecode.swift; path = EventsRouter.swift; sourceTree = "<group>"; };
		4E0A583526621476005E59D1 /* EventsPresenter.swift */ = {isa = PBXFileReference; lastKnownFileType = sourcecode.swift; path = EventsPresenter.swift; sourceTree = "<group>"; };
		4E0A5837266214DB005E59D1 /* EventsInteractor.swift */ = {isa = PBXFileReference; lastKnownFileType = sourcecode.swift; path = EventsInteractor.swift; sourceTree = "<group>"; };
		4E17FFAB265FB08B0013FEB1 /* NormalTableViewCell.swift */ = {isa = PBXFileReference; lastKnownFileType = sourcecode.swift; path = NormalTableViewCell.swift; sourceTree = "<group>"; };
		4E17FFAC265FB08B0013FEB1 /* NormalTableViewCell.xib */ = {isa = PBXFileReference; lastKnownFileType = file.xib; path = NormalTableViewCell.xib; sourceTree = "<group>"; };
		4E17FFB0265FB1F90013FEB1 /* NormalCollectionViewCell.swift */ = {isa = PBXFileReference; lastKnownFileType = sourcecode.swift; path = NormalCollectionViewCell.swift; sourceTree = "<group>"; };
		4E17FFB1265FB1F90013FEB1 /* NormalCollectionViewCell.xib */ = {isa = PBXFileReference; lastKnownFileType = file.xib; path = NormalCollectionViewCell.xib; sourceTree = "<group>"; };
		4E17FFB6265FB34E0013FEB1 /* CenterCollectionViewFlowLayout.swift */ = {isa = PBXFileReference; lastKnownFileType = sourcecode.swift; path = CenterCollectionViewFlowLayout.swift; sourceTree = "<group>"; };
		4E1D49AE266217E400D416A1 /* EventsEntity.swift */ = {isa = PBXFileReference; lastKnownFileType = sourcecode.swift; path = EventsEntity.swift; sourceTree = "<group>"; };
		4E1D49B12662204700D416A1 /* EventsTableViewCell.swift */ = {isa = PBXFileReference; lastKnownFileType = sourcecode.swift; path = EventsTableViewCell.swift; sourceTree = "<group>"; };
		4E1D49B22662204700D416A1 /* EventsTableViewCell.xib */ = {isa = PBXFileReference; lastKnownFileType = file.xib; path = EventsTableViewCell.xib; sourceTree = "<group>"; };
		4E3E1267265F4D960004D9AD /* 42Events.app */ = {isa = PBXFileReference; explicitFileType = wrapper.application; includeInIndex = 0; path = 42Events.app; sourceTree = BUILT_PRODUCTS_DIR; };
		4E3E126A265F4D960004D9AD /* AppDelegate.swift */ = {isa = PBXFileReference; lastKnownFileType = sourcecode.swift; path = AppDelegate.swift; sourceTree = "<group>"; };
		4E3E126C265F4D960004D9AD /* SceneDelegate.swift */ = {isa = PBXFileReference; lastKnownFileType = sourcecode.swift; path = SceneDelegate.swift; sourceTree = "<group>"; };
		4E3E1271265F4D960004D9AD /* Base */ = {isa = PBXFileReference; lastKnownFileType = file.storyboard; name = Base; path = Base.lproj/Main.storyboard; sourceTree = "<group>"; };
		4E3E1273265F4D970004D9AD /* Assets.xcassets */ = {isa = PBXFileReference; lastKnownFileType = folder.assetcatalog; path = Assets.xcassets; sourceTree = "<group>"; };
		4E3E1276265F4D970004D9AD /* Base */ = {isa = PBXFileReference; lastKnownFileType = file.storyboard; name = Base; path = Base.lproj/LaunchScreen.storyboard; sourceTree = "<group>"; };
		4E3E1278265F4D970004D9AD /* Info.plist */ = {isa = PBXFileReference; lastKnownFileType = text.plist.xml; path = Info.plist; sourceTree = "<group>"; };
		4E3E127D265F4D970004D9AD /* 42EventsTests.xctest */ = {isa = PBXFileReference; explicitFileType = wrapper.cfbundle; includeInIndex = 0; path = 42EventsTests.xctest; sourceTree = BUILT_PRODUCTS_DIR; };
		4E3E1281265F4D970004D9AD /* _2EventsTests.swift */ = {isa = PBXFileReference; lastKnownFileType = sourcecode.swift; path = _2EventsTests.swift; sourceTree = "<group>"; };
		4E3E1283265F4D970004D9AD /* Info.plist */ = {isa = PBXFileReference; lastKnownFileType = text.plist.xml; path = Info.plist; sourceTree = "<group>"; };
		4E3E1294265F4E150004D9AD /* HomeViewController.swift */ = {isa = PBXFileReference; lastKnownFileType = sourcecode.swift; path = HomeViewController.swift; sourceTree = "<group>"; };
		4E3E1295265F4E150004D9AD /* HomeViewController.xib */ = {isa = PBXFileReference; lastKnownFileType = file.xib; path = HomeViewController.xib; sourceTree = "<group>"; };
		4E3E1298265F4E5F0004D9AD /* HomeProtocols.swift */ = {isa = PBXFileReference; lastKnownFileType = sourcecode.swift; path = HomeProtocols.swift; sourceTree = "<group>"; };
		4E3E129A265F4F0B0004D9AD /* HomePresenter.swift */ = {isa = PBXFileReference; lastKnownFileType = sourcecode.swift; path = HomePresenter.swift; sourceTree = "<group>"; };
		4E3E129C265F4F4F0004D9AD /* HomeInteractor.swift */ = {isa = PBXFileReference; lastKnownFileType = sourcecode.swift; path = HomeInteractor.swift; sourceTree = "<group>"; };
		4E3E129E265F4F7C0004D9AD /* HomeRouter.swift */ = {isa = PBXFileReference; lastKnownFileType = sourcecode.swift; path = HomeRouter.swift; sourceTree = "<group>"; };
		4E3E12A1265F53130004D9AD /* APIManager.swift */ = {isa = PBXFileReference; lastKnownFileType = sourcecode.swift; path = APIManager.swift; sourceTree = "<group>"; };
		4E3E12A3265F54FB0004D9AD /* EventsModel.swift */ = {isa = PBXFileReference; lastKnownFileType = sourcecode.swift; path = EventsModel.swift; sourceTree = "<group>"; };
		4E3E12A7265F7C310004D9AD /* UITableView+Extensions.swift */ = {isa = PBXFileReference; fileEncoding = 4; lastKnownFileType = sourcecode.swift; path = "UITableView+Extensions.swift"; sourceTree = "<group>"; };
		4E3E12A8265F7C310004D9AD /* UITableViewCell+Extensions.swift */ = {isa = PBXFileReference; fileEncoding = 4; lastKnownFileType = sourcecode.swift; path = "UITableViewCell+Extensions.swift"; sourceTree = "<group>"; };
		4E3E12B0265F9C310004D9AD /* FeatureTableViewCell.swift */ = {isa = PBXFileReference; lastKnownFileType = sourcecode.swift; path = FeatureTableViewCell.swift; sourceTree = "<group>"; };
		4E3E12B1265F9C310004D9AD /* FeatureTableViewCell.xib */ = {isa = PBXFileReference; lastKnownFileType = file.xib; path = FeatureTableViewCell.xib; sourceTree = "<group>"; };
		4E3E12B6265F9D7A0004D9AD /* FeatureCollectionViewViewCell.swift */ = {isa = PBXFileReference; lastKnownFileType = sourcecode.swift; path = FeatureCollectionViewViewCell.swift; sourceTree = "<group>"; };
		4E3E12B7265F9D7A0004D9AD /* FeatureCollectionViewViewCell.xib */ = {isa = PBXFileReference; lastKnownFileType = file.xib; path = FeatureCollectionViewViewCell.xib; sourceTree = "<group>"; };
		4E3E12BA265F9E6B0004D9AD /* UICollectionView+Extensions.swift */ = {isa = PBXFileReference; lastKnownFileType = sourcecode.swift; path = "UICollectionView+Extensions.swift"; sourceTree = "<group>"; };
		4E3E12BC265F9E930004D9AD /* UICollectionViewCell+Extensions.swift */ = {isa = PBXFileReference; lastKnownFileType = sourcecode.swift; path = "UICollectionViewCell+Extensions.swift"; sourceTree = "<group>"; };
		4E3E12BE265FA5E50004D9AD /* ImageCachingManager.swift */ = {isa = PBXFileReference; lastKnownFileType = sourcecode.swift; path = ImageCachingManager.swift; sourceTree = "<group>"; };
		4E3E12C0265FA64B0004D9AD /* UIImageView+Extensions.swift */ = {isa = PBXFileReference; lastKnownFileType = sourcecode.swift; path = "UIImageView+Extensions.swift"; sourceTree = "<group>"; };
		4E46B5DC2662A67800AF3160 /* MenuInteractor.swift */ = {isa = PBXFileReference; lastKnownFileType = sourcecode.swift; path = MenuInteractor.swift; sourceTree = "<group>"; };
		4E46B5DF2662B1FB00AF3160 /* MenuProtocols.swift */ = {isa = PBXFileReference; lastKnownFileType = sourcecode.swift; path = MenuProtocols.swift; sourceTree = "<group>"; };
		4E46B5E12662B25F00AF3160 /* MenuPresenter.swift */ = {isa = PBXFileReference; lastKnownFileType = sourcecode.swift; path = MenuPresenter.swift; sourceTree = "<group>"; };
		4E46B5E32662B3B600AF3160 /* LanguageView.swift */ = {isa = PBXFileReference; lastKnownFileType = sourcecode.swift; path = LanguageView.swift; sourceTree = "<group>"; };
		4E46B5E52662B3C600AF3160 /* LanguageView.xib */ = {isa = PBXFileReference; lastKnownFileType = file.xib; path = LanguageView.xib; sourceTree = "<group>"; };
		4E46B5EB2662BF9300AF3160 /* LanguageTableViewCell.swift */ = {isa = PBXFileReference; lastKnownFileType = sourcecode.swift; path = LanguageTableViewCell.swift; sourceTree = "<group>"; };
		4E46B5EC2662BF9300AF3160 /* LanguageTableViewCell.xib */ = {isa = PBXFileReference; lastKnownFileType = file.xib; path = LanguageTableViewCell.xib; sourceTree = "<group>"; };
		4E49F56426624E58008C5522 /* MenuView.swift */ = {isa = PBXFileReference; lastKnownFileType = sourcecode.swift; path = MenuView.swift; sourceTree = "<group>"; };
		4E49F56726624E70008C5522 /* MenuView.xib */ = {isa = PBXFileReference; lastKnownFileType = file.xib; path = MenuView.xib; sourceTree = "<group>"; };
		4E49F56926624F18008C5522 /* MenuEntity.swift */ = {isa = PBXFileReference; lastKnownFileType = sourcecode.swift; path = MenuEntity.swift; sourceTree = "<group>"; };
		4E49F56D26625F30008C5522 /* MenuTableViewCell.swift */ = {isa = PBXFileReference; lastKnownFileType = sourcecode.swift; path = MenuTableViewCell.swift; sourceTree = "<group>"; };
		4E49F56E26625F30008C5522 /* MenuTableViewCell.xib */ = {isa = PBXFileReference; lastKnownFileType = file.xib; path = MenuTableViewCell.xib; sourceTree = "<group>"; };
		4E7F52812662374B00594C72 /* EventsHeaderView.swift */ = {isa = PBXFileReference; lastKnownFileType = sourcecode.swift; path = EventsHeaderView.swift; sourceTree = "<group>"; };
		4E7F52832662375700594C72 /* EventsHeaderView.xib */ = {isa = PBXFileReference; lastKnownFileType = file.xib; path = EventsHeaderView.xib; sourceTree = "<group>"; };
		4E8CD03626629CB100D40DDB /* MenuRouter.swift */ = {isa = PBXFileReference; lastKnownFileType = sourcecode.swift; path = MenuRouter.swift; sourceTree = "<group>"; };
		4ED7A83026632D5100D45B22 /* DataCachingManager.swift */ = {isa = PBXFileReference; lastKnownFileType = sourcecode.swift; path = DataCachingManager.swift; sourceTree = "<group>"; };
		4ED7A8352663425B00D45B22 /* APIManagerTests.swift */ = {isa = PBXFileReference; lastKnownFileType = sourcecode.swift; path = APIManagerTests.swift; sourceTree = "<group>"; };
		4ED7A837266345C500D45B22 /* ImageCachingManagerTests.swift */ = {isa = PBXFileReference; lastKnownFileType = sourcecode.swift; path = ImageCachingManagerTests.swift; sourceTree = "<group>"; };
		4ED7A839266346D500D45B22 /* DataCachingManagerTests.swift */ = {isa = PBXFileReference; lastKnownFileType = sourcecode.swift; path = DataCachingManagerTests.swift; sourceTree = "<group>"; };
		4ED7A83E26634B2D00D45B22 /* HomeInteractorTests.swift */ = {isa = PBXFileReference; lastKnownFileType = sourcecode.swift; path = HomeInteractorTests.swift; sourceTree = "<group>"; };
		4ED7A84126636E7500D45B22 /* HomePresenterTests.swift */ = {isa = PBXFileReference; lastKnownFileType = sourcecode.swift; path = HomePresenterTests.swift; sourceTree = "<group>"; };
/* End PBXFileReference section */

/* Begin PBXFrameworksBuildPhase section */
		4E3E1264265F4D960004D9AD /* Frameworks */ = {
			isa = PBXFrameworksBuildPhase;
			buildActionMask = 2147483647;
			files = (
			);
			runOnlyForDeploymentPostprocessing = 0;
		};
		4E3E127A265F4D970004D9AD /* Frameworks */ = {
			isa = PBXFrameworksBuildPhase;
			buildActionMask = 2147483647;
			files = (
			);
			runOnlyForDeploymentPostprocessing = 0;
		};
/* End PBXFrameworksBuildPhase section */

/* Begin PBXGroup section */
		4E0A57FA265FBF0A005E59D1 /* TagCollectionViewCell */ = {
			isa = PBXGroup;
			children = (
				4E0A57FB265FBF22005E59D1 /* TagCollectionViewCell.swift */,
				4E0A57FC265FBF22005E59D1 /* TagCollectionViewCell.xib */,
			);
			path = TagCollectionViewCell;
			sourceTree = "<group>";
		};
		4E0A580126600CBC005E59D1 /* Header */ = {
			isa = PBXGroup;
			children = (
				4E0A580226600CD3005E59D1 /* HomeHeaderView.swift */,
				4E0A580426600CE3005E59D1 /* HomeHeaderView.xib */,
			);
			path = Header;
			sourceTree = "<group>";
		};
		4E0A580726600E7B005E59D1 /* EventContainerTableViewCell */ = {
			isa = PBXGroup;
			children = (
				4E0A580826600E9A005E59D1 /* EventContainerTableViewCell.swift */,
				4E0A580926600E9A005E59D1 /* EventContainerTableViewCell.xib */,
			);
			path = EventContainerTableViewCell;
			sourceTree = "<group>";
		};
		4E0A582526620DEC005E59D1 /* Events */ = {
			isa = PBXGroup;
			children = (
				4E0A582B266210E8005E59D1 /* Protocols */,
				4E0A582A266210E2005E59D1 /* Entity */,
				4E0A5829266210D3005E59D1 /* Router */,
				4E0A5828266210CB005E59D1 /* Interactor */,
				4E0A5827266210C5005E59D1 /* Presenter */,
				4E0A5826266210BF005E59D1 /* View */,
			);
			path = Events;
			sourceTree = "<group>";
		};
		4E0A5826266210BF005E59D1 /* View */ = {
			isa = PBXGroup;
			children = (
				4E7F52802662369400594C72 /* Header */,
				4E1D49B026621DAC00D416A1 /* Cells */,
				4E0A582F26621117005E59D1 /* EventsViewController.swift */,
				4E0A583026621117005E59D1 /* EventsViewController.xib */,
			);
			path = View;
			sourceTree = "<group>";
		};
		4E0A5827266210C5005E59D1 /* Presenter */ = {
			isa = PBXGroup;
			children = (
				4E0A583526621476005E59D1 /* EventsPresenter.swift */,
			);
			path = Presenter;
			sourceTree = "<group>";
		};
		4E0A5828266210CB005E59D1 /* Interactor */ = {
			isa = PBXGroup;
			children = (
				4E0A5837266214DB005E59D1 /* EventsInteractor.swift */,
			);
			path = Interactor;
			sourceTree = "<group>";
		};
		4E0A5829266210D3005E59D1 /* Router */ = {
			isa = PBXGroup;
			children = (
				4E0A5833266213DB005E59D1 /* EventsRouter.swift */,
			);
			path = Router;
			sourceTree = "<group>";
		};
		4E0A582A266210E2005E59D1 /* Entity */ = {
			isa = PBXGroup;
			children = (
				4E1D49AE266217E400D416A1 /* EventsEntity.swift */,
			);
			path = Entity;
			sourceTree = "<group>";
		};
		4E0A582B266210E8005E59D1 /* Protocols */ = {
			isa = PBXGroup;
			children = (
				4E0A582D266210FF005E59D1 /* EventsProtocols.swift */,
			);
			path = Protocols;
			sourceTree = "<group>";
		};
		4E17FFA9265FB04E0013FEB1 /* Normal */ = {
			isa = PBXGroup;
			children = (
				4E0A57FA265FBF0A005E59D1 /* TagCollectionViewCell */,
				4E17FFAF265FB1DF0013FEB1 /* NormalCollectionViewCell */,
				4E17FFAA265FB0680013FEB1 /* NormalTableViewCell */,
			);
			path = Normal;
			sourceTree = "<group>";
		};
		4E17FFAA265FB0680013FEB1 /* NormalTableViewCell */ = {
			isa = PBXGroup;
			children = (
				4E17FFAB265FB08B0013FEB1 /* NormalTableViewCell.swift */,
				4E17FFAC265FB08B0013FEB1 /* NormalTableViewCell.xib */,
			);
			path = NormalTableViewCell;
			sourceTree = "<group>";
		};
		4E17FFAF265FB1DF0013FEB1 /* NormalCollectionViewCell */ = {
			isa = PBXGroup;
			children = (
				4E17FFB0265FB1F90013FEB1 /* NormalCollectionViewCell.swift */,
				4E17FFB1265FB1F90013FEB1 /* NormalCollectionViewCell.xib */,
			);
			path = NormalCollectionViewCell;
			sourceTree = "<group>";
		};
		4E17FFB4265FB3210013FEB1 /* Views */ = {
			isa = PBXGroup;
			children = (
				4E17FFB5265FB3290013FEB1 /* CollectionViewFlowLayout */,
			);
			path = Views;
			sourceTree = "<group>";
		};
		4E17FFB5265FB3290013FEB1 /* CollectionViewFlowLayout */ = {
			isa = PBXGroup;
			children = (
				4E17FFB6265FB34E0013FEB1 /* CenterCollectionViewFlowLayout.swift */,
				4E0A57F8265FBA6D005E59D1 /* LeftCollectionViewFlowLayout.swift */,
			);
			path = CollectionViewFlowLayout;
			sourceTree = "<group>";
		};
		4E1D49B026621DAC00D416A1 /* Cells */ = {
			isa = PBXGroup;
			children = (
				4E1D49B12662204700D416A1 /* EventsTableViewCell.swift */,
				4E1D49B22662204700D416A1 /* EventsTableViewCell.xib */,
			);
			path = Cells;
			sourceTree = "<group>";
		};
		4E3E125E265F4D960004D9AD = {
			isa = PBXGroup;
			children = (
				4E3E1269265F4D960004D9AD /* 42Events */,
				4E3E1280265F4D970004D9AD /* 42EventsTests */,
				4E3E1268265F4D960004D9AD /* Products */,
			);
			sourceTree = "<group>";
		};
		4E3E1268265F4D960004D9AD /* Products */ = {
			isa = PBXGroup;
			children = (
				4E3E1267265F4D960004D9AD /* 42Events.app */,
				4E3E127D265F4D970004D9AD /* 42EventsTests.xctest */,
			);
			name = Products;
			sourceTree = "<group>";
		};
		4E3E1269265F4D960004D9AD /* 42Events */ = {
			isa = PBXGroup;
			children = (
				4E3E12A0265F52FF0004D9AD /* Utils */,
				4E3E128C265F4DB80004D9AD /* Modules */,
				4E3E126A265F4D960004D9AD /* AppDelegate.swift */,
				4E3E126C265F4D960004D9AD /* SceneDelegate.swift */,
				4E3E1270265F4D960004D9AD /* Main.storyboard */,
				4E3E1273265F4D970004D9AD /* Assets.xcassets */,
				4E3E1275265F4D970004D9AD /* LaunchScreen.storyboard */,
				4E3E1278265F4D970004D9AD /* Info.plist */,
			);
			path = 42Events;
			sourceTree = "<group>";
		};
		4E3E1280265F4D970004D9AD /* 42EventsTests */ = {
			isa = PBXGroup;
			children = (
				4ED7A8322663422C00D45B22 /* Utils */,
				4ED7A83B26634ACB00D45B22 /* Modules */,
				4E3E1281265F4D970004D9AD /* _2EventsTests.swift */,
				4E3E1283265F4D970004D9AD /* Info.plist */,
			);
			path = 42EventsTests;
			sourceTree = "<group>";
		};
		4E3E128C265F4DB80004D9AD /* Modules */ = {
			isa = PBXGroup;
			children = (
				4E49F55E26624754008C5522 /* Menu */,
				4E0A582526620DEC005E59D1 /* Events */,
				4E3E128D265F4DBF0004D9AD /* Home */,
			);
			path = Modules;
			sourceTree = "<group>";
		};
		4E3E128D265F4DBF0004D9AD /* Home */ = {
			isa = PBXGroup;
			children = (
				4E3E1293265F4DFB0004D9AD /* Protocols */,
				4E3E1292265F4DF30004D9AD /* Router */,
				4E3E1291265F4DE50004D9AD /* Entity */,
				4E3E1290265F4DDC0004D9AD /* Interactor */,
				4E3E128F265F4DCE0004D9AD /* Presenter */,
				4E3E128E265F4DC90004D9AD /* View */,
			);
			path = Home;
			sourceTree = "<group>";
		};
		4E3E128E265F4DC90004D9AD /* View */ = {
			isa = PBXGroup;
			children = (
				4E0A580126600CBC005E59D1 /* Header */,
				4E3E12AC265F9BE30004D9AD /* Cells */,
				4E3E1294265F4E150004D9AD /* HomeViewController.swift */,
				4E3E1295265F4E150004D9AD /* HomeViewController.xib */,
			);
			path = View;
			sourceTree = "<group>";
		};
		4E3E128F265F4DCE0004D9AD /* Presenter */ = {
			isa = PBXGroup;
			children = (
				4E3E129A265F4F0B0004D9AD /* HomePresenter.swift */,
			);
			path = Presenter;
			sourceTree = "<group>";
		};
		4E3E1290265F4DDC0004D9AD /* Interactor */ = {
			isa = PBXGroup;
			children = (
				4E3E129C265F4F4F0004D9AD /* HomeInteractor.swift */,
			);
			path = Interactor;
			sourceTree = "<group>";
		};
		4E3E1291265F4DE50004D9AD /* Entity */ = {
			isa = PBXGroup;
			children = (
				4E3E12A3265F54FB0004D9AD /* EventsModel.swift */,
			);
			path = Entity;
			sourceTree = "<group>";
		};
		4E3E1292265F4DF30004D9AD /* Router */ = {
			isa = PBXGroup;
			children = (
				4E3E129E265F4F7C0004D9AD /* HomeRouter.swift */,
			);
			path = Router;
			sourceTree = "<group>";
		};
		4E3E1293265F4DFB0004D9AD /* Protocols */ = {
			isa = PBXGroup;
			children = (
				4E3E1298265F4E5F0004D9AD /* HomeProtocols.swift */,
			);
			path = Protocols;
			sourceTree = "<group>";
		};
		4E3E12A0265F52FF0004D9AD /* Utils */ = {
			isa = PBXGroup;
			children = (
				4ED7A8332663423600D45B22 /* Managers */,
				4E17FFB4265FB3210013FEB1 /* Views */,
				4E3E12A5265F7C310004D9AD /* Extensions */,
			);
			path = Utils;
			sourceTree = "<group>";
		};
		4E3E12A5265F7C310004D9AD /* Extensions */ = {
			isa = PBXGroup;
			children = (
				4E3E12A7265F7C310004D9AD /* UITableView+Extensions.swift */,
				4E3E12A8265F7C310004D9AD /* UITableViewCell+Extensions.swift */,
				4E3E12BA265F9E6B0004D9AD /* UICollectionView+Extensions.swift */,
				4E3E12BC265F9E930004D9AD /* UICollectionViewCell+Extensions.swift */,
				4E3E12C0265FA64B0004D9AD /* UIImageView+Extensions.swift */,
			);
			path = Extensions;
			sourceTree = "<group>";
		};
		4E3E12AC265F9BE30004D9AD /* Cells */ = {
			isa = PBXGroup;
			children = (
				4E0A580726600E7B005E59D1 /* EventContainerTableViewCell */,
				4E17FFA9265FB04E0013FEB1 /* Normal */,
				4E3E12B5265F9D530004D9AD /* Feature */,
			);
			path = Cells;
			sourceTree = "<group>";
		};
		4E3E12AD265F9BE80004D9AD /* FeatureTableViewCell */ = {
			isa = PBXGroup;
			children = (
				4E3E12B0265F9C310004D9AD /* FeatureTableViewCell.swift */,
				4E3E12B1265F9C310004D9AD /* FeatureTableViewCell.xib */,
			);
			path = FeatureTableViewCell;
			sourceTree = "<group>";
		};
		4E3E12B4265F9D490004D9AD /* FeatureCollectionViewViewCell */ = {
			isa = PBXGroup;
			children = (
				4E3E12B6265F9D7A0004D9AD /* FeatureCollectionViewViewCell.swift */,
				4E3E12B7265F9D7A0004D9AD /* FeatureCollectionViewViewCell.xib */,
			);
			path = FeatureCollectionViewViewCell;
			sourceTree = "<group>";
		};
		4E3E12B5265F9D530004D9AD /* Feature */ = {
			isa = PBXGroup;
			children = (
				4E3E12B4265F9D490004D9AD /* FeatureCollectionViewViewCell */,
				4E3E12AD265F9BE80004D9AD /* FeatureTableViewCell */,
			);
			path = Feature;
			sourceTree = "<group>";
		};
		4E46B5DB2662A45900AF3160 /* LanguageView */ = {
			isa = PBXGroup;
			children = (
				4E46B5E92662BF6200AF3160 /* Cells */,
				4E46B5E32662B3B600AF3160 /* LanguageView.swift */,
				4E46B5E52662B3C600AF3160 /* LanguageView.xib */,
			);
			path = LanguageView;
			sourceTree = "<group>";
		};
		4E46B5DE2662B1E000AF3160 /* Protocols */ = {
			isa = PBXGroup;
			children = (
				4E46B5DF2662B1FB00AF3160 /* MenuProtocols.swift */,
			);
			path = Protocols;
			sourceTree = "<group>";
		};
		4E46B5E92662BF6200AF3160 /* Cells */ = {
			isa = PBXGroup;
			children = (
				4E46B5EA2662BF7600AF3160 /* LanguageTableViewCell */,
			);
			path = Cells;
			sourceTree = "<group>";
		};
		4E46B5EA2662BF7600AF3160 /* LanguageTableViewCell */ = {
			isa = PBXGroup;
			children = (
				4E46B5EB2662BF9300AF3160 /* LanguageTableViewCell.swift */,
				4E46B5EC2662BF9300AF3160 /* LanguageTableViewCell.xib */,
			);
			path = LanguageTableViewCell;
			sourceTree = "<group>";
		};
		4E49F55E26624754008C5522 /* Menu */ = {
			isa = PBXGroup;
			children = (
				4E46B5DE2662B1E000AF3160 /* Protocols */,
				4E49F562266247BB008C5522 /* Entity */,
				4E49F563266247C2008C5522 /* Interactor */,
				4E49F561266247A3008C5522 /* Router */,
				4E49F5602662479D008C5522 /* Presenter */,
				4E49F55F26624789008C5522 /* View */,
			);
			path = Menu;
			sourceTree = "<group>";
		};
		4E49F55F26624789008C5522 /* View */ = {
			isa = PBXGroup;
			children = (
				4E46B5DB2662A45900AF3160 /* LanguageView */,
				4E49F56626624E62008C5522 /* MenuView */,
			);
			path = View;
			sourceTree = "<group>";
		};
		4E49F5602662479D008C5522 /* Presenter */ = {
			isa = PBXGroup;
			children = (
				4E46B5E12662B25F00AF3160 /* MenuPresenter.swift */,
			);
			path = Presenter;
			sourceTree = "<group>";
		};
		4E49F561266247A3008C5522 /* Router */ = {
			isa = PBXGroup;
			children = (
				4E8CD03626629CB100D40DDB /* MenuRouter.swift */,
			);
			path = Router;
			sourceTree = "<group>";
		};
		4E49F562266247BB008C5522 /* Entity */ = {
			isa = PBXGroup;
			children = (
				4E49F56926624F18008C5522 /* MenuEntity.swift */,
			);
			path = Entity;
			sourceTree = "<group>";
		};
		4E49F563266247C2008C5522 /* Interactor */ = {
			isa = PBXGroup;
			children = (
				4E46B5DC2662A67800AF3160 /* MenuInteractor.swift */,
			);
			path = Interactor;
			sourceTree = "<group>";
		};
		4E49F56626624E62008C5522 /* MenuView */ = {
			isa = PBXGroup;
			children = (
				4E49F56B26625EEE008C5522 /* Cells */,
				4E49F56426624E58008C5522 /* MenuView.swift */,
				4E49F56726624E70008C5522 /* MenuView.xib */,
			);
			path = MenuView;
			sourceTree = "<group>";
		};
		4E49F56B26625EEE008C5522 /* Cells */ = {
			isa = PBXGroup;
			children = (
				4E49F56C26625F16008C5522 /* MenuTableViewCell */,
			);
			path = Cells;
			sourceTree = "<group>";
		};
		4E49F56C26625F16008C5522 /* MenuTableViewCell */ = {
			isa = PBXGroup;
			children = (
				4E49F56D26625F30008C5522 /* MenuTableViewCell.swift */,
				4E49F56E26625F30008C5522 /* MenuTableViewCell.xib */,
			);
			path = MenuTableViewCell;
			sourceTree = "<group>";
		};
		4E7F52802662369400594C72 /* Header */ = {
			isa = PBXGroup;
			children = (
				4E7F52812662374B00594C72 /* EventsHeaderView.swift */,
				4E7F52832662375700594C72 /* EventsHeaderView.xib */,
			);
			path = Header;
			sourceTree = "<group>";
		};
		4ED7A8322663422C00D45B22 /* Utils */ = {
			isa = PBXGroup;
			children = (
				4ED7A8342663424500D45B22 /* Managers */,
			);
			path = Utils;
			sourceTree = "<group>";
		};
		4ED7A8332663423600D45B22 /* Managers */ = {
			isa = PBXGroup;
			children = (
				4E3E12A1265F53130004D9AD /* APIManager.swift */,
				4E3E12BE265FA5E50004D9AD /* ImageCachingManager.swift */,
				4ED7A83026632D5100D45B22 /* DataCachingManager.swift */,
			);
			path = Managers;
			sourceTree = "<group>";
		};
		4ED7A8342663424500D45B22 /* Managers */ = {
			isa = PBXGroup;
			children = (
				4ED7A8352663425B00D45B22 /* APIManagerTests.swift */,
				4ED7A837266345C500D45B22 /* ImageCachingManagerTests.swift */,
				4ED7A839266346D500D45B22 /* DataCachingManagerTests.swift */,
			);
			path = Managers;
			sourceTree = "<group>";
		};
		4ED7A83B26634ACB00D45B22 /* Modules */ = {
			isa = PBXGroup;
			children = (
				4ED7A83C26634AD400D45B22 /* Home */,
			);
			path = Modules;
			sourceTree = "<group>";
		};
		4ED7A83C26634AD400D45B22 /* Home */ = {
			isa = PBXGroup;
			children = (
				4ED7A83D26634B1800D45B22 /* Interactor */,
				4ED7A84026636E5900D45B22 /* Presenter */,
			);
			path = Home;
			sourceTree = "<group>";
		};
		4ED7A83D26634B1800D45B22 /* Interactor */ = {
			isa = PBXGroup;
			children = (
				4ED7A83E26634B2D00D45B22 /* HomeInteractorTests.swift */,
			);
			path = Interactor;
			sourceTree = "<group>";
		};
		4ED7A84026636E5900D45B22 /* Presenter */ = {
			isa = PBXGroup;
			children = (
				4ED7A84126636E7500D45B22 /* HomePresenterTests.swift */,
			);
			path = Presenter;
			sourceTree = "<group>";
		};
/* End PBXGroup section */

/* Begin PBXNativeTarget section */
		4E3E1266265F4D960004D9AD /* 42Events */ = {
			isa = PBXNativeTarget;
			buildConfigurationList = 4E3E1286265F4D970004D9AD /* Build configuration list for PBXNativeTarget "42Events" */;
			buildPhases = (
				4E3E1263265F4D960004D9AD /* Sources */,
				4E3E1264265F4D960004D9AD /* Frameworks */,
				4E3E1265265F4D960004D9AD /* Resources */,
			);
			buildRules = (
			);
			dependencies = (
			);
			name = 42Events;
			productName = 42Events;
			productReference = 4E3E1267265F4D960004D9AD /* 42Events.app */;
			productType = "com.apple.product-type.application";
		};
		4E3E127C265F4D970004D9AD /* 42EventsTests */ = {
			isa = PBXNativeTarget;
			buildConfigurationList = 4E3E1289265F4D970004D9AD /* Build configuration list for PBXNativeTarget "42EventsTests" */;
			buildPhases = (
				4E3E1279265F4D970004D9AD /* Sources */,
				4E3E127A265F4D970004D9AD /* Frameworks */,
				4E3E127B265F4D970004D9AD /* Resources */,
			);
			buildRules = (
			);
			dependencies = (
				4E3E127F265F4D970004D9AD /* PBXTargetDependency */,
			);
			name = 42EventsTests;
			productName = 42EventsTests;
			productReference = 4E3E127D265F4D970004D9AD /* 42EventsTests.xctest */;
			productType = "com.apple.product-type.bundle.unit-test";
		};
/* End PBXNativeTarget section */

/* Begin PBXProject section */
		4E3E125F265F4D960004D9AD /* Project object */ = {
			isa = PBXProject;
			attributes = {
				LastSwiftUpdateCheck = 1160;
				LastUpgradeCheck = 1160;
				ORGANIZATIONNAME = "Tuan Diep";
				TargetAttributes = {
					4E3E1266265F4D960004D9AD = {
						CreatedOnToolsVersion = 11.6;
					};
					4E3E127C265F4D970004D9AD = {
						CreatedOnToolsVersion = 11.6;
						TestTargetID = 4E3E1266265F4D960004D9AD;
					};
				};
			};
			buildConfigurationList = 4E3E1262265F4D960004D9AD /* Build configuration list for PBXProject "42Events" */;
			compatibilityVersion = "Xcode 9.3";
			developmentRegion = en;
			hasScannedForEncodings = 0;
			knownRegions = (
				en,
				Base,
			);
			mainGroup = 4E3E125E265F4D960004D9AD;
			productRefGroup = 4E3E1268265F4D960004D9AD /* Products */;
			projectDirPath = "";
			projectRoot = "";
			targets = (
				4E3E1266265F4D960004D9AD /* 42Events */,
				4E3E127C265F4D970004D9AD /* 42EventsTests */,
			);
		};
/* End PBXProject section */

/* Begin PBXResourcesBuildPhase section */
		4E3E1265265F4D960004D9AD /* Resources */ = {
			isa = PBXResourcesBuildPhase;
			buildActionMask = 2147483647;
			files = (
				4E0A580B26600E9A005E59D1 /* EventContainerTableViewCell.xib in Resources */,
				4E0A583226621117005E59D1 /* EventsViewController.xib in Resources */,
				4E3E1277265F4D970004D9AD /* LaunchScreen.storyboard in Resources */,
				4E3E1274265F4D970004D9AD /* Assets.xcassets in Resources */,
				4E3E12B3265F9C310004D9AD /* FeatureTableViewCell.xib in Resources */,
				4E46B5EE2662BF9300AF3160 /* LanguageTableViewCell.xib in Resources */,
				4E3E1272265F4D960004D9AD /* Main.storyboard in Resources */,
				4E7F52842662375700594C72 /* EventsHeaderView.xib in Resources */,
				4E49F56826624E70008C5522 /* MenuView.xib in Resources */,
				4E3E12B9265F9D7A0004D9AD /* FeatureCollectionViewViewCell.xib in Resources */,
				4E17FFB3265FB1F90013FEB1 /* NormalCollectionViewCell.xib in Resources */,
				4E0A580526600CE3005E59D1 /* HomeHeaderView.xib in Resources */,
				4E0A57FE265FBF22005E59D1 /* TagCollectionViewCell.xib in Resources */,
				4E1D49B42662204700D416A1 /* EventsTableViewCell.xib in Resources */,
				4E46B5E62662B3C600AF3160 /* LanguageView.xib in Resources */,
				4E17FFAE265FB08B0013FEB1 /* NormalTableViewCell.xib in Resources */,
				4E49F57026625F30008C5522 /* MenuTableViewCell.xib in Resources */,
				4E3E1297265F4E150004D9AD /* HomeViewController.xib in Resources */,
			);
			runOnlyForDeploymentPostprocessing = 0;
		};
		4E3E127B265F4D970004D9AD /* Resources */ = {
			isa = PBXResourcesBuildPhase;
			buildActionMask = 2147483647;
			files = (
			);
			runOnlyForDeploymentPostprocessing = 0;
		};
/* End PBXResourcesBuildPhase section */

/* Begin PBXSourcesBuildPhase section */
		4E3E1263265F4D960004D9AD /* Sources */ = {
			isa = PBXSourcesBuildPhase;
			buildActionMask = 2147483647;
			files = (
				4E3E12BD265F9E940004D9AD /* UICollectionViewCell+Extensions.swift in Sources */,
				4E3E1299265F4E5F0004D9AD /* HomeProtocols.swift in Sources */,
				4E46B5E22662B25F00AF3160 /* MenuPresenter.swift in Sources */,
				4E0A57F9265FBA6D005E59D1 /* LeftCollectionViewFlowLayout.swift in Sources */,
				4E7F52822662374B00594C72 /* EventsHeaderView.swift in Sources */,
				4E46B5DD2662A67800AF3160 /* MenuInteractor.swift in Sources */,
				4E3E12BB265F9E6B0004D9AD /* UICollectionView+Extensions.swift in Sources */,
				4E3E126B265F4D960004D9AD /* AppDelegate.swift in Sources */,
				4E49F56526624E58008C5522 /* MenuView.swift in Sources */,
				4E0A57FD265FBF22005E59D1 /* TagCollectionViewCell.swift in Sources */,
				4E3E12B2265F9C310004D9AD /* FeatureTableViewCell.swift in Sources */,
				4E0A583126621117005E59D1 /* EventsViewController.swift in Sources */,
				4E0A580A26600E9A005E59D1 /* EventContainerTableViewCell.swift in Sources */,
				4E3E12AA265F7C310004D9AD /* UITableView+Extensions.swift in Sources */,
				4E3E12A2265F53130004D9AD /* APIManager.swift in Sources */,
				4E49F56F26625F30008C5522 /* MenuTableViewCell.swift in Sources */,
				4E1D49B32662204700D416A1 /* EventsTableViewCell.swift in Sources */,
				4E3E129B265F4F0B0004D9AD /* HomePresenter.swift in Sources */,
				4E3E126D265F4D960004D9AD /* SceneDelegate.swift in Sources */,
				4E0A580326600CD3005E59D1 /* HomeHeaderView.swift in Sources */,
				4E0A583626621476005E59D1 /* EventsPresenter.swift in Sources */,
				4E46B5E02662B1FB00AF3160 /* MenuProtocols.swift in Sources */,
				4E0A5834266213DB005E59D1 /* EventsRouter.swift in Sources */,
				4E0A5838266214DB005E59D1 /* EventsInteractor.swift in Sources */,
				4E3E129F265F4F7C0004D9AD /* HomeRouter.swift in Sources */,
				4E49F56A26624F18008C5522 /* MenuEntity.swift in Sources */,
				4E17FFAD265FB08B0013FEB1 /* NormalTableViewCell.swift in Sources */,
				4E3E12BF265FA5E50004D9AD /* ImageCachingManager.swift in Sources */,
				4E3E12C1265FA64B0004D9AD /* UIImageView+Extensions.swift in Sources */,
				4E1D49AF266217E400D416A1 /* EventsEntity.swift in Sources */,
				4E8CD03726629CB100D40DDB /* MenuRouter.swift in Sources */,
				4E3E12AB265F7C310004D9AD /* UITableViewCell+Extensions.swift in Sources */,
				4E46B5E42662B3B600AF3160 /* LanguageView.swift in Sources */,
				4E17FFB7265FB34E0013FEB1 /* CenterCollectionViewFlowLayout.swift in Sources */,
				4E3E12B8265F9D7A0004D9AD /* FeatureCollectionViewViewCell.swift in Sources */,
				4E3E1296265F4E150004D9AD /* HomeViewController.swift in Sources */,
				4E46B5ED2662BF9300AF3160 /* LanguageTableViewCell.swift in Sources */,
				4E17FFB2265FB1F90013FEB1 /* NormalCollectionViewCell.swift in Sources */,
				4E3E12A4265F54FB0004D9AD /* EventsModel.swift in Sources */,
				4ED7A83126632D5100D45B22 /* DataCachingManager.swift in Sources */,
				4E0A582E266210FF005E59D1 /* EventsProtocols.swift in Sources */,
				4E3E129D265F4F4F0004D9AD /* HomeInteractor.swift in Sources */,
			);
			runOnlyForDeploymentPostprocessing = 0;
		};
		4E3E1279265F4D970004D9AD /* Sources */ = {
			isa = PBXSourcesBuildPhase;
			buildActionMask = 2147483647;
			files = (
				4ED7A8362663425B00D45B22 /* APIManagerTests.swift in Sources */,
				4ED7A83F26634B2D00D45B22 /* HomeInteractorTests.swift in Sources */,
				4ED7A83A266346D500D45B22 /* DataCachingManagerTests.swift in Sources */,
				4ED7A838266345C500D45B22 /* ImageCachingManagerTests.swift in Sources */,
				4E3E1282265F4D970004D9AD /* _2EventsTests.swift in Sources */,
				4ED7A84226636E7500D45B22 /* HomePresenterTests.swift in Sources */,
			);
			runOnlyForDeploymentPostprocessing = 0;
		};
/* End PBXSourcesBuildPhase section */

/* Begin PBXTargetDependency section */
		4E3E127F265F4D970004D9AD /* PBXTargetDependency */ = {
			isa = PBXTargetDependency;
			target = 4E3E1266265F4D960004D9AD /* 42Events */;
			targetProxy = 4E3E127E265F4D970004D9AD /* PBXContainerItemProxy */;
		};
/* End PBXTargetDependency section */

/* Begin PBXVariantGroup section */
		4E3E1270265F4D960004D9AD /* Main.storyboard */ = {
			isa = PBXVariantGroup;
			children = (
				4E3E1271265F4D960004D9AD /* Base */,
			);
			name = Main.storyboard;
			sourceTree = "<group>";
		};
		4E3E1275265F4D970004D9AD /* LaunchScreen.storyboard */ = {
			isa = PBXVariantGroup;
			children = (
				4E3E1276265F4D970004D9AD /* Base */,
			);
			name = LaunchScreen.storyboard;
			sourceTree = "<group>";
		};
/* End PBXVariantGroup section */

/* Begin XCBuildConfiguration section */
		4E3E1284265F4D970004D9AD /* Debug */ = {
			isa = XCBuildConfiguration;
			buildSettings = {
				ALWAYS_SEARCH_USER_PATHS = NO;
				CLANG_ANALYZER_NONNULL = YES;
				CLANG_ANALYZER_NUMBER_OBJECT_CONVERSION = YES_AGGRESSIVE;
				CLANG_CXX_LANGUAGE_STANDARD = "gnu++14";
				CLANG_CXX_LIBRARY = "libc++";
				CLANG_ENABLE_MODULES = YES;
				CLANG_ENABLE_OBJC_ARC = YES;
				CLANG_ENABLE_OBJC_WEAK = YES;
				CLANG_WARN_BLOCK_CAPTURE_AUTORELEASING = YES;
				CLANG_WARN_BOOL_CONVERSION = YES;
				CLANG_WARN_COMMA = YES;
				CLANG_WARN_CONSTANT_CONVERSION = YES;
				CLANG_WARN_DEPRECATED_OBJC_IMPLEMENTATIONS = YES;
				CLANG_WARN_DIRECT_OBJC_ISA_USAGE = YES_ERROR;
				CLANG_WARN_DOCUMENTATION_COMMENTS = YES;
				CLANG_WARN_EMPTY_BODY = YES;
				CLANG_WARN_ENUM_CONVERSION = YES;
				CLANG_WARN_INFINITE_RECURSION = YES;
				CLANG_WARN_INT_CONVERSION = YES;
				CLANG_WARN_NON_LITERAL_NULL_CONVERSION = YES;
				CLANG_WARN_OBJC_IMPLICIT_RETAIN_SELF = YES;
				CLANG_WARN_OBJC_LITERAL_CONVERSION = YES;
				CLANG_WARN_OBJC_ROOT_CLASS = YES_ERROR;
				CLANG_WARN_RANGE_LOOP_ANALYSIS = YES;
				CLANG_WARN_STRICT_PROTOTYPES = YES;
				CLANG_WARN_SUSPICIOUS_MOVE = YES;
				CLANG_WARN_UNGUARDED_AVAILABILITY = YES_AGGRESSIVE;
				CLANG_WARN_UNREACHABLE_CODE = YES;
				CLANG_WARN__DUPLICATE_METHOD_MATCH = YES;
				COPY_PHASE_STRIP = NO;
				DEBUG_INFORMATION_FORMAT = dwarf;
				ENABLE_STRICT_OBJC_MSGSEND = YES;
				ENABLE_TESTABILITY = YES;
				GCC_C_LANGUAGE_STANDARD = gnu11;
				GCC_DYNAMIC_NO_PIC = NO;
				GCC_NO_COMMON_BLOCKS = YES;
				GCC_OPTIMIZATION_LEVEL = 0;
				GCC_PREPROCESSOR_DEFINITIONS = (
					"DEBUG=1",
					"$(inherited)",
				);
				GCC_WARN_64_TO_32_BIT_CONVERSION = YES;
				GCC_WARN_ABOUT_RETURN_TYPE = YES_ERROR;
				GCC_WARN_UNDECLARED_SELECTOR = YES;
				GCC_WARN_UNINITIALIZED_AUTOS = YES_AGGRESSIVE;
				GCC_WARN_UNUSED_FUNCTION = YES;
				GCC_WARN_UNUSED_VARIABLE = YES;
				IPHONEOS_DEPLOYMENT_TARGET = 13.6;
				MTL_ENABLE_DEBUG_INFO = INCLUDE_SOURCE;
				MTL_FAST_MATH = YES;
				ONLY_ACTIVE_ARCH = YES;
				SDKROOT = iphoneos;
				SWIFT_ACTIVE_COMPILATION_CONDITIONS = DEBUG;
				SWIFT_OPTIMIZATION_LEVEL = "-Onone";
			};
			name = Debug;
		};
		4E3E1285265F4D970004D9AD /* Release */ = {
			isa = XCBuildConfiguration;
			buildSettings = {
				ALWAYS_SEARCH_USER_PATHS = NO;
				CLANG_ANALYZER_NONNULL = YES;
				CLANG_ANALYZER_NUMBER_OBJECT_CONVERSION = YES_AGGRESSIVE;
				CLANG_CXX_LANGUAGE_STANDARD = "gnu++14";
				CLANG_CXX_LIBRARY = "libc++";
				CLANG_ENABLE_MODULES = YES;
				CLANG_ENABLE_OBJC_ARC = YES;
				CLANG_ENABLE_OBJC_WEAK = YES;
				CLANG_WARN_BLOCK_CAPTURE_AUTORELEASING = YES;
				CLANG_WARN_BOOL_CONVERSION = YES;
				CLANG_WARN_COMMA = YES;
				CLANG_WARN_CONSTANT_CONVERSION = YES;
				CLANG_WARN_DEPRECATED_OBJC_IMPLEMENTATIONS = YES;
				CLANG_WARN_DIRECT_OBJC_ISA_USAGE = YES_ERROR;
				CLANG_WARN_DOCUMENTATION_COMMENTS = YES;
				CLANG_WARN_EMPTY_BODY = YES;
				CLANG_WARN_ENUM_CONVERSION = YES;
				CLANG_WARN_INFINITE_RECURSION = YES;
				CLANG_WARN_INT_CONVERSION = YES;
				CLANG_WARN_NON_LITERAL_NULL_CONVERSION = YES;
				CLANG_WARN_OBJC_IMPLICIT_RETAIN_SELF = YES;
				CLANG_WARN_OBJC_LITERAL_CONVERSION = YES;
				CLANG_WARN_OBJC_ROOT_CLASS = YES_ERROR;
				CLANG_WARN_RANGE_LOOP_ANALYSIS = YES;
				CLANG_WARN_STRICT_PROTOTYPES = YES;
				CLANG_WARN_SUSPICIOUS_MOVE = YES;
				CLANG_WARN_UNGUARDED_AVAILABILITY = YES_AGGRESSIVE;
				CLANG_WARN_UNREACHABLE_CODE = YES;
				CLANG_WARN__DUPLICATE_METHOD_MATCH = YES;
				COPY_PHASE_STRIP = NO;
				DEBUG_INFORMATION_FORMAT = "dwarf-with-dsym";
				ENABLE_NS_ASSERTIONS = NO;
				ENABLE_STRICT_OBJC_MSGSEND = YES;
				GCC_C_LANGUAGE_STANDARD = gnu11;
				GCC_NO_COMMON_BLOCKS = YES;
				GCC_WARN_64_TO_32_BIT_CONVERSION = YES;
				GCC_WARN_ABOUT_RETURN_TYPE = YES_ERROR;
				GCC_WARN_UNDECLARED_SELECTOR = YES;
				GCC_WARN_UNINITIALIZED_AUTOS = YES_AGGRESSIVE;
				GCC_WARN_UNUSED_FUNCTION = YES;
				GCC_WARN_UNUSED_VARIABLE = YES;
				IPHONEOS_DEPLOYMENT_TARGET = 13.6;
				MTL_ENABLE_DEBUG_INFO = NO;
				MTL_FAST_MATH = YES;
				SDKROOT = iphoneos;
				SWIFT_COMPILATION_MODE = wholemodule;
				SWIFT_OPTIMIZATION_LEVEL = "-O";
				VALIDATE_PRODUCT = YES;
			};
			name = Release;
		};
		4E3E1287265F4D970004D9AD /* Debug */ = {
			isa = XCBuildConfiguration;
			buildSettings = {
				ASSETCATALOG_COMPILER_APPICON_NAME = AppIcon;
				CODE_SIGN_STYLE = Automatic;
				DEVELOPMENT_TEAM = F85GS7C438;
				INFOPLIST_FILE = 42Events/Info.plist;
				LD_RUNPATH_SEARCH_PATHS = (
					"$(inherited)",
					"@executable_path/Frameworks",
				);
				PRODUCT_BUNDLE_IDENTIFIER = com.tuandiep.42Events;
				PRODUCT_NAME = "$(TARGET_NAME)";
				SWIFT_VERSION = 5.0;
				TARGETED_DEVICE_FAMILY = "1,2";
			};
			name = Debug;
		};
		4E3E1288265F4D970004D9AD /* Release */ = {
			isa = XCBuildConfiguration;
			buildSettings = {
				ASSETCATALOG_COMPILER_APPICON_NAME = AppIcon;
				CODE_SIGN_STYLE = Automatic;
				DEVELOPMENT_TEAM = F85GS7C438;
				INFOPLIST_FILE = 42Events/Info.plist;
				LD_RUNPATH_SEARCH_PATHS = (
					"$(inherited)",
					"@executable_path/Frameworks",
				);
				PRODUCT_BUNDLE_IDENTIFIER = com.tuandiep.42Events;
				PRODUCT_NAME = "$(TARGET_NAME)";
				SWIFT_VERSION = 5.0;
				TARGETED_DEVICE_FAMILY = "1,2";
			};
			name = Release;
		};
		4E3E128A265F4D970004D9AD /* Debug */ = {
			isa = XCBuildConfiguration;
			buildSettings = {
				ALWAYS_EMBED_SWIFT_STANDARD_LIBRARIES = YES;
				BUNDLE_LOADER = "$(TEST_HOST)";
				CODE_SIGN_STYLE = Automatic;
				DEVELOPMENT_TEAM = F85GS7C438;
				INFOPLIST_FILE = 42EventsTests/Info.plist;
				IPHONEOS_DEPLOYMENT_TARGET = 13.6;
				LD_RUNPATH_SEARCH_PATHS = (
					"$(inherited)",
					"@executable_path/Frameworks",
					"@loader_path/Frameworks",
				);
				PRODUCT_BUNDLE_IDENTIFIER = "com.tuandiep.-2EventsTests";
				PRODUCT_NAME = "$(TARGET_NAME)";
				SWIFT_VERSION = 5.0;
				TARGETED_DEVICE_FAMILY = "1,2";
				TEST_HOST = "$(BUILT_PRODUCTS_DIR)/42Events.app/42Events";
			};
			name = Debug;
		};
		4E3E128B265F4D970004D9AD /* Release */ = {
			isa = XCBuildConfiguration;
			buildSettings = {
				ALWAYS_EMBED_SWIFT_STANDARD_LIBRARIES = YES;
				BUNDLE_LOADER = "$(TEST_HOST)";
				CODE_SIGN_STYLE = Automatic;
				DEVELOPMENT_TEAM = F85GS7C438;
				INFOPLIST_FILE = 42EventsTests/Info.plist;
				IPHONEOS_DEPLOYMENT_TARGET = 13.6;
				LD_RUNPATH_SEARCH_PATHS = (
					"$(inherited)",
					"@executable_path/Frameworks",
					"@loader_path/Frameworks",
				);
				PRODUCT_BUNDLE_IDENTIFIER = "com.tuandiep.-2EventsTests";
				PRODUCT_NAME = "$(TARGET_NAME)";
				SWIFT_VERSION = 5.0;
				TARGETED_DEVICE_FAMILY = "1,2";
				TEST_HOST = "$(BUILT_PRODUCTS_DIR)/42Events.app/42Events";
			};
			name = Release;
		};
/* End XCBuildConfiguration section */

/* Begin XCConfigurationList section */
		4E3E1262265F4D960004D9AD /* Build configuration list for PBXProject "42Events" */ = {
			isa = XCConfigurationList;
			buildConfigurations = (
				4E3E1284265F4D970004D9AD /* Debug */,
				4E3E1285265F4D970004D9AD /* Release */,
			);
			defaultConfigurationIsVisible = 0;
			defaultConfigurationName = Release;
		};
		4E3E1286265F4D970004D9AD /* Build configuration list for PBXNativeTarget "42Events" */ = {
			isa = XCConfigurationList;
			buildConfigurations = (
				4E3E1287265F4D970004D9AD /* Debug */,
				4E3E1288265F4D970004D9AD /* Release */,
			);
			defaultConfigurationIsVisible = 0;
			defaultConfigurationName = Release;
		};
		4E3E1289265F4D970004D9AD /* Build configuration list for PBXNativeTarget "42EventsTests" */ = {
			isa = XCConfigurationList;
			buildConfigurations = (
				4E3E128A265F4D970004D9AD /* Debug */,
				4E3E128B265F4D970004D9AD /* Release */,
			);
			defaultConfigurationIsVisible = 0;
			defaultConfigurationName = Release;
		};
/* End XCConfigurationList section */
	};
	rootObject = 4E3E125F265F4D960004D9AD /* Project object */;
}
